{
  "nodes": {
    "flake-utils": {
      "inputs": {
        "systems": "systems"
      },
      "locked": {
        "lastModified": 1710146030,
        "narHash": "sha256-SZ5L6eA7HJ/nmkzGG7/ISclqe6oZdOZTNoesiInkXPQ=",
        "owner": "numtide",
        "repo": "flake-utils",
        "rev": "b1d9ab70662946ef0850d488da1c9019f3a9752a",
        "type": "github"
      },
      "original": {
        "owner": "numtide",
        "repo": "flake-utils",
        "type": "github"
      }
    },
    "flake-utils_2": {
      "inputs": {
        "systems": "systems_2"
      },
      "locked": {
        "lastModified": 1710146030,
        "narHash": "sha256-SZ5L6eA7HJ/nmkzGG7/ISclqe6oZdOZTNoesiInkXPQ=",
        "owner": "numtide",
        "repo": "flake-utils",
        "rev": "b1d9ab70662946ef0850d488da1c9019f3a9752a",
        "type": "github"
      },
      "original": {
        "owner": "numtide",
        "repo": "flake-utils",
        "type": "github"
      }
    },
    "flatpak": {
      "locked": {
        "lastModified": 1711997201,
        "narHash": "sha256-J71xzQlVYsjagA4AsVwRazhBh2rZrPpKvxTgs6UzL7c=",
        "owner": "gmodena",
        "repo": "nix-flatpak",
        "rev": "b76fa31346db7fc958a9898f3c594696ca71c4fd",
        "type": "github"
      },
      "original": {
        "owner": "gmodena",
        "ref": "v0.4.1",
        "repo": "nix-flatpak",
        "type": "github"
      }
    },
    "gd-save-transfer": {
      "inputs": {
        "flake-utils": [
          "flake-utils"
        ],
        "nixpkgs": [
          "nixpkgs"
        ],
        "poetry2nix": "poetry2nix"
      },
      "locked": {
        "lastModified": 1725902740,
        "narHash": "sha256-CzILa4+Tw3gHTR0E2iPhqxFLMO3OdHjgoliGYb3pQio=",
        "ref": "refs/heads/main",
        "rev": "dd2477d32af8117b533fd30e101eca9e0ecd5c5e",
        "revCount": 6,
        "type": "git",
        "url": "file:///home/rasmus/projects/github/gd-save-transfer"
      },
      "original": {
        "type": "git",
        "url": "file:///home/rasmus/projects/github/gd-save-transfer"
      }
    },
    "home-manager": {
      "inputs": {
        "nixpkgs": [
          "nixpkgs"
        ]
      },
      "locked": {
        "lastModified": 1720042825,
        "narHash": "sha256-A0vrUB6x82/jvf17qPCpxaM+ulJnD8YZwH9Ci0BsAzE=",
        "owner": "nix-community",
        "repo": "home-manager",
        "rev": "e1391fb22e18a36f57e6999c7a9f966dc80ac073",
        "type": "github"
      },
      "original": {
        "owner": "nix-community",
        "ref": "release-24.05",
        "repo": "home-manager",
        "type": "github"
      }
    },
    "lispbm-flake": {
      "inputs": {
        "flake-utils": [
          "flake-utils"
        ],
        "lispbm-src": "lispbm-src",
        "nixpkgs": [
          "nixpkgs"
        ]
      },
      "locked": {
        "lastModified": 1726143509,
        "narHash": "sha256-zjdlhA075nZ2UrRhcA3uDbPVRepmMCWmI2wAw96YKbo=",
        "owner": "laxsjo",
        "repo": "lispbm-flake",
        "rev": "28245ceac19b1d9605fb2f648b337f45505faf45",
        "type": "github"
      },
      "original": {
        "owner": "laxsjo",
        "repo": "lispbm-flake",
        "type": "github"
      }
    },
    "lispbm-src": {
      "flake": false,
      "locked": {
        "lastModified": 1726082856,
        "narHash": "sha256-sctot5fFY/pWKEE3eebVHWUDElWKJPuGeFi1PgaZXhM=",
        "owner": "svenssonjoel",
        "repo": "lispBM",
        "rev": "e4b8b02b8cc392f8ae9eaf80e3e7c0ffbbc621fa",
        "type": "github"
      },
      "original": {
        "owner": "svenssonjoel",
        "ref": "master",
        "repo": "lispBM",
        "type": "github"
      }
    },
    "nix-github-actions": {
      "inputs": {
        "nixpkgs": [
          "gd-save-transfer",
          "poetry2nix",
          "nixpkgs"
        ]
      },
      "locked": {
        "lastModified": 1703863825,
        "narHash": "sha256-rXwqjtwiGKJheXB43ybM8NwWB8rO2dSRrEqes0S7F5Y=",
        "owner": "nix-community",
        "repo": "nix-github-actions",
        "rev": "5163432afc817cf8bd1f031418d1869e4c9d5547",
        "type": "github"
      },
      "original": {
        "owner": "nix-community",
        "repo": "nix-github-actions",
        "type": "github"
      }
    },
    "nixpkgs": {
      "locked": {
        "lastModified": 1719763542,
        "narHash": "sha256-mXkOj9sJ0f69Nkc2dGGOWtof9d1YNY8Le/Hia3RN+8Q=",
        "owner": "NixOS",
        "repo": "nixpkgs",
        "rev": "e6cdd8a11b26b4d60593733106042141756b54a3",
        "type": "github"
      },
      "original": {
        "owner": "NixOS",
        "ref": "nixos-unstable-small",
        "repo": "nixpkgs",
        "type": "github"
      }
    },
    "nixpkgs_2": {
      "locked": {
        "lastModified": 1724316499,
        "narHash": "sha256-Qb9MhKBUTCfWg/wqqaxt89Xfi6qTD3XpTzQ9eXi3JmE=",
        "owner": "nixos",
        "repo": "nixpkgs",
        "rev": "797f7dc49e0bc7fab4b57c021cdf68f595e47841",
        "type": "github"
      },
      "original": {
        "owner": "nixos",
        "ref": "nixos-24.05",
        "repo": "nixpkgs",
        "type": "github"
      }
    },
    "plasma-manager": {
      "inputs": {
        "home-manager": [
          "home-manager"
        ],
        "nixpkgs": [
          "nixpkgs"
        ]
      },
      "locked": {
        "lastModified": 1724556439,
        "narHash": "sha256-gPR3sxkKxISUvydnqoj54znpUkK8av/HVFuFJuYUw3w=",
        "owner": "nix-community",
        "repo": "plasma-manager",
        "rev": "5c97fe8af2a2e561f14195ed357d8c451fdbff4c",
        "type": "github"
      },
      "original": {
        "owner": "nix-community",
        "repo": "plasma-manager",
        "type": "github"
      }
    },
    "poetry2nix": {
      "inputs": {
        "flake-utils": "flake-utils_2",
        "nix-github-actions": "nix-github-actions",
        "nixpkgs": "nixpkgs",
        "systems": "systems_3",
        "treefmt-nix": "treefmt-nix"
      },
      "locked": {
        "lastModified": 1725532428,
        "narHash": "sha256-dCfawQDwpukcwQw++Cn/3LIh/RZMmH+k3fm91Oc5Pf0=",
        "owner": "nix-community",
        "repo": "poetry2nix",
        "rev": "a313fd7169ae43ecd1a2ea2f1e4899fe3edba4d2",
        "type": "github"
      },
      "original": {
        "id": "poetry2nix",
        "type": "indirect"
      }
    },
    "root": {
      "inputs": {
        "flake-utils": "flake-utils",
        "flatpak": "flatpak",
        "gd-save-transfer": "gd-save-transfer",
        "home-manager": "home-manager",
        "lispbm-flake": "lispbm-flake",
        "nixpkgs": "nixpkgs_2",
        "plasma-manager": "plasma-manager",
        "vesc-tool-flake": "vesc-tool-flake"
      }
    },
    "systems": {
      "locked": {
        "lastModified": 1681028828,
        "narHash": "sha256-Vy1rq5AaRuLzOxct8nz4T6wlgyUR7zLU309k9mBC768=",
        "owner": "nix-systems",
        "repo": "default",
        "rev": "da67096a3b9bf56a91d16901293e51ba5b49a27e",
        "type": "github"
      },
      "original": {
        "owner": "nix-systems",
        "repo": "default",
        "type": "github"
      }
    },
    "systems_2": {
      "locked": {
        "lastModified": 1681028828,
        "narHash": "sha256-Vy1rq5AaRuLzOxct8nz4T6wlgyUR7zLU309k9mBC768=",
        "owner": "nix-systems",
        "repo": "default",
        "rev": "da67096a3b9bf56a91d16901293e51ba5b49a27e",
        "type": "github"
      },
      "original": {
        "owner": "nix-systems",
        "repo": "default",
        "type": "github"
      }
    },
    "systems_3": {
      "locked": {
        "lastModified": 1681028828,
        "narHash": "sha256-Vy1rq5AaRuLzOxct8nz4T6wlgyUR7zLU309k9mBC768=",
        "owner": "nix-systems",
        "repo": "default",
        "rev": "da67096a3b9bf56a91d16901293e51ba5b49a27e",
        "type": "github"
      },
      "original": {
        "id": "systems",
        "type": "indirect"
      }
    },
    "treefmt-nix": {
      "inputs": {
        "nixpkgs": [
          "gd-save-transfer",
          "poetry2nix",
          "nixpkgs"
        ]
      },
      "locked": {
        "lastModified": 1719749022,
        "narHash": "sha256-ddPKHcqaKCIFSFc/cvxS14goUhCOAwsM1PbMr0ZtHMg=",
        "owner": "numtide",
        "repo": "treefmt-nix",
        "rev": "8df5ff62195d4e67e2264df0b7f5e8c9995fd0bd",
        "type": "github"
      },
      "original": {
        "owner": "numtide",
        "repo": "treefmt-nix",
        "type": "github"
      }
    },
    "vesc-tool-flake": {
      "inputs": {
        "flake-utils": [
          "flake-utils"
        ],
        "nixpkgs": [
          "nixpkgs"
        ],
        "vesc-tool-src": "vesc-tool-src"
      },
      "locked": {
        "lastModified": 1725542388,
        "narHash": "sha256-EoUTGHJ3G7oRPzDqHQzGPwPC3EwDUp+y/b8I7Kx0cyo=",
        "owner": "laxsjo",
        "repo": "vesc-tool-flake",
        "rev": "a484da2641887de1967394e05de1240df927d07a",
        "type": "github"
      },
      "original": {
        "owner": "laxsjo",
        "repo": "vesc-tool-flake",
        "type": "github"
      }
    },
    "vesc-tool-src": {
      "flake": false,
      "locked": {
        "lastModified": 1726081162,
        "narHash": "sha256-jrzcONiWpxM0G0suuBSt8ndnUvTbzgPPs1S5chMTn40=",
        "owner": "vedderb",
        "repo": "vesc_tool",
        "rev": "24754273b498d2dea78d5006a1c2e174b9d412da",
        "type": "github"
      },
      "original": {
        "owner": "vedderb",
        "ref": "release_6_05",
        "repo": "vesc_tool",
        "type": "github"
      }
    }
  },
  "root": "root",
  "version": 7
}
